// !$*UTF8*$!
{
	archiveVersion = 1;
	classes = {
	};
	objectVersion = 46;
	objects = {

/* Begin PBXBuildFile section */
		2B3F19F01B8F6B05005F71E2 /* SelectSort.m in Sources */ = {isa = PBXBuildFile; fileRef = 2B3F19EF1B8F6B05005F71E2 /* SelectSort.m */; };
		2B3F19F31B8F738E005F71E2 /* MergeSort.m in Sources */ = {isa = PBXBuildFile; fileRef = 2B3F19F21B8F738E005F71E2 /* MergeSort.m */; };
		2BD804C51B8DA9FB00345AA1 /* main.m in Sources */ = {isa = PBXBuildFile; fileRef = 2BD804C41B8DA9FB00345AA1 /* main.m */; };
		2BD804CD1B8DB05400345AA1 /* BuddleSort.m in Sources */ = {isa = PBXBuildFile; fileRef = 2BD804CC1B8DB05400345AA1 /* BuddleSort.m */; };
		2BD804D01B8DB58100345AA1 /* SortHelper.m in Sources */ = {isa = PBXBuildFile; fileRef = 2BD804CF1B8DB58100345AA1 /* SortHelper.m */; };
		2BD804D31B8DE9C000345AA1 /* InsertOrder.m in Sources */ = {isa = PBXBuildFile; fileRef = 2BD804D21B8DE9C000345AA1 /* InsertOrder.m */; };
/* End PBXBuildFile section */

/* Begin PBXCopyFilesBuildPhase section */
		2BD804BF1B8DA9FB00345AA1 /* CopyFiles */ = {
			isa = PBXCopyFilesBuildPhase;
			buildActionMask = 2147483647;
			dstPath = /usr/share/man/man1/;
			dstSubfolderSpec = 0;
			files = (
			);
			runOnlyForDeploymentPostprocessing = 1;
		};
/* End PBXCopyFilesBuildPhase section */

/* Begin PBXFileReference section */
		2B3F19EE1B8F6B05005F71E2 /* SelectSort.h */ = {isa = PBXFileReference; fileEncoding = 4; lastKnownFileType = sourcecode.c.h; path = SelectSort.h; sourceTree = "<group>"; };
		2B3F19EF1B8F6B05005F71E2 /* SelectSort.m */ = {isa = PBXFileReference; fileEncoding = 4; lastKnownFileType = sourcecode.c.objc; path = SelectSort.m; sourceTree = "<group>"; };
		2B3F19F11B8F738E005F71E2 /* MergeSort.h */ = {isa = PBXFileReference; fileEncoding = 4; lastKnownFileType = sourcecode.c.h; path = MergeSort.h; sourceTree = "<group>"; };
		2B3F19F21B8F738E005F71E2 /* MergeSort.m */ = {isa = PBXFileReference; fileEncoding = 4; lastKnownFileType = sourcecode.c.objc; path = MergeSort.m; sourceTree = "<group>"; };
		2BD804C11B8DA9FB00345AA1 /* testOrder */ = {isa = PBXFileReference; explicitFileType = "compiled.mach-o.executable"; includeInIndex = 0; path = testOrder; sourceTree = BUILT_PRODUCTS_DIR; };
		2BD804C41B8DA9FB00345AA1 /* main.m */ = {isa = PBXFileReference; lastKnownFileType = sourcecode.c.objc; path = main.m; sourceTree = "<group>"; };
		2BD804CB1B8DB05400345AA1 /* BuddleSort.h */ = {isa = PBXFileReference; fileEncoding = 4; lastKnownFileType = sourcecode.c.h; path = BuddleSort.h; sourceTree = "<group>"; };
		2BD804CC1B8DB05400345AA1 /* BuddleSort.m */ = {isa = PBXFileReference; fileEncoding = 4; lastKnownFileType = sourcecode.c.objc; path = BuddleSort.m; sourceTree = "<group>"; };
		2BD804CE1B8DB58100345AA1 /* SortHelper.h */ = {isa = PBXFileReference; fileEncoding = 4; lastKnownFileType = sourcecode.c.h; path = SortHelper.h; sourceTree = "<group>"; };
		2BD804CF1B8DB58100345AA1 /* SortHelper.m */ = {isa = PBXFileReference; fileEncoding = 4; lastKnownFileType = sourcecode.c.objc; path = SortHelper.m; sourceTree = "<group>"; };
		2BD804D11B8DE9C000345AA1 /* InsertOrder.h */ = {isa = PBXFileReference; fileEncoding = 4; lastKnownFileType = sourcecode.c.h; path = InsertOrder.h; sourceTree = "<group>"; };
		2BD804D21B8DE9C000345AA1 /* InsertOrder.m */ = {isa = PBXFileReference; fileEncoding = 4; lastKnownFileType = sourcecode.c.objc; path = InsertOrder.m; sourceTree = "<group>"; };
		2BD804D41B8DEB5500345AA1 /* Sorter.h */ = {isa = PBXFileReference; fileEncoding = 4; lastKnownFileType = sourcecode.c.h; path = Sorter.h; sourceTree = "<group>"; };
/* End PBXFileReference section */

/* Begin PBXFrameworksBuildPhase section */
		2BD804BE1B8DA9FB00345AA1 /* Frameworks */ = {
			isa = PBXFrameworksBuildPhase;
			buildActionMask = 2147483647;
			files = (
			);
			runOnlyForDeploymentPostprocessing = 0;
		};
/* End PBXFrameworksBuildPhase section */

/* Begin PBXGroup section */
		2BD804B81B8DA9FB00345AA1 = {
			isa = PBXGroup;
			children = (
				2BD804C31B8DA9FB00345AA1 /* testOrder */,
				2BD804C21B8DA9FB00345AA1 /* Products */,
			);
			sourceTree = "<group>";
		};
		2BD804C21B8DA9FB00345AA1 /* Products */ = {
			isa = PBXGroup;
			children = (
				2BD804C11B8DA9FB00345AA1 /* testOrder */,
			);
			name = Products;
			sourceTree = "<group>";
		};
		2BD804C31B8DA9FB00345AA1 /* testOrder */ = {
			isa = PBXGroup;
			children = (
				2BD804C41B8DA9FB00345AA1 /* main.m */,
				2BD804D41B8DEB5500345AA1 /* Sorter.h */,
				2BD804CE1B8DB58100345AA1 /* SortHelper.h */,
				2BD804CF1B8DB58100345AA1 /* SortHelper.m */,
				2BD804CB1B8DB05400345AA1 /* BuddleSort.h */,
				2BD804CC1B8DB05400345AA1 /* BuddleSort.m */,
				2BD804D11B8DE9C000345AA1 /* InsertOrder.h */,
				2BD804D21B8DE9C000345AA1 /* InsertOrder.m */,
				2B3F19EE1B8F6B05005F71E2 /* SelectSort.h */,
				2B3F19EF1B8F6B05005F71E2 /* SelectSort.m */,
				2B3F19F11B8F738E005F71E2 /* MergeSort.h */,
				2B3F19F21B8F738E005F71E2 /* MergeSort.m */,
			);
			path = testOrder;
			sourceTree = "<group>";
		};
/* End PBXGroup section */

/* Begin PBXNativeTarget section */
		2BD804C01B8DA9FB00345AA1 /* testOrder */ = {
			isa = PBXNativeTarget;
			buildConfigurationList = 2BD804C81B8DA9FB00345AA1 /* Build configuration list for PBXNativeTarget "testOrder" */;
			buildPhases = (
				2BD804BD1B8DA9FB00345AA1 /* Sources */,
				2BD804BE1B8DA9FB00345AA1 /* Frameworks */,
				2BD804BF1B8DA9FB00345AA1 /* CopyFiles */,
			);
			buildRules = (
			);
			dependencies = (
			);
			name = testOrder;
			productName = testOrder;
			productReference = 2BD804C11B8DA9FB00345AA1 /* testOrder */;
			productType = "com.apple.product-type.tool";
		};
/* End PBXNativeTarget section */

/* Begin PBXProject section */
		2BD804B91B8DA9FB00345AA1 /* Project object */ = {
			isa = PBXProject;
			attributes = {
				LastUpgradeCheck = 0640;
				ORGANIZATIONNAME = net.baober;
				TargetAttributes = {
					2BD804C01B8DA9FB00345AA1 = {
						CreatedOnToolsVersion = 6.4;
					};
				};
			};
			buildConfigurationList = 2BD804BC1B8DA9FB00345AA1 /* Build configuration list for PBXProject "testOrder" */;
			compatibilityVersion = "Xcode 3.2";
			developmentRegion = English;
			hasScannedForEncodings = 0;
			knownRegions = (
				en,
			);
			mainGroup = 2BD804B81B8DA9FB00345AA1;
			productRefGroup = 2BD804C21B8DA9FB00345AA1 /* Products */;
			projectDirPath = "";
			projectRoot = "";
			targets = (
				2BD804C01B8DA9FB00345AA1 /* testOrder */,
			);
		};
/* End PBXProject section */

/* Begin PBXSourcesBuildPhase section */
		2BD804BD1B8DA9FB00345AA1 /* Sources */ = {
			isa = PBXSourcesBuildPhase;
			buildActionMask = 2147483647;
			files = (
				2B3F19F31B8F738E005F71E2 /* MergeSort.m in Sources */,
				2BD804C51B8DA9FB00345AA1 /* main.m in Sources */,
				2BD804D31B8DE9C000345AA1 /* InsertOrder.m in Sources */,
				2BD804D01B8DB58100345AA1 /* SortHelper.m in Sources */,
				2BD804CD1B8DB05400345AA1 /* BuddleSort.m in Sources */,
				2B3F19F01B8F6B05005F71E2 /* SelectSort.m in Sources */,
			);
			runOnlyForDeploymentPostprocessing = 0;
		};
/* End PBXSourcesBuildPhase section */

/* Begin XCBuildConfiguration section */
		2BD804C61B8DA9FB00345AA1 /* Debug */ = {
			isa = XCBuildConfiguration;
			buildSettings = {
				ALWAYS_SEARCH_USER_PATHS = NO;
				CLANG_CXX_LANGUAGE_STANDARD = "gnu++0x";
				CLANG_CXX_LIBRARY = "libc++";
				CLANG_ENABLE_MODULES = YES;
				CLANG_ENABLE_OBJC_ARC = YES;
				CLANG_WARN_BOOL_CONVERSION = YES;
				CLANG_WARN_CONSTANT_CONVERSION = YES;
				CLANG_WARN_DIRECT_OBJC_ISA_USAGE = YES_ERROR;
				CLANG_WARN_EMPTY_BODY = YES;
				CLANG_WARN_ENUM_CONVERSION = YES;
				CLANG_WARN_INT_CONVERSION = YES;
				CLANG_WARN_OBJC_ROOT_CLASS = YES_ERROR;
				CLANG_WARN_UNREACHABLE_CODE = YES;
				CLANG_WARN__DUPLICATE_METHOD_MATCH = YES;
				COPY_PHASE_STRIP = NO;
				DEBUG_INFORMATION_FORMAT = dwarf;
				ENABLE_STRICT_OBJC_MSGSEND = YES;
				GCC_C_LANGUAGE_STANDARD = gnu99;
				GCC_DYNAMIC_NO_PIC = NO;
				GCC_NO_COMMON_BLOCKS = YES;
				GCC_OPTIMIZATION_LEVEL = 0;
				GCC_PREPROCESSOR_DEFINITIONS = (
					"DEBUG=1",
					"$(inherited)",
				);
				GCC_SYMBOLS_PRIVATE_EXTERN = NO;
				GCC_WARN_64_TO_32_BIT_CONVERSION = YES;
				GCC_WARN_ABOUT_RETURN_TYPE = YES_ERROR;
				GCC_WARN_UNDECLARED_SELECTOR = YES;
				GCC_WARN_UNINITIALIZED_AUTOS = YES_AGGRESSIVE;
				GCC_WARN_UNUSED_FUNCTION = YES;
				GCC_WARN_UNUSED_VARIABLE = YES;
				MACOSX_DEPLOYMENT_TARGET = 10.10;
				MTL_ENABLE_DEBUG_INFO = YES;
				ONLY_ACTIVE_ARCH = YES;
				SDKROOT = macosx;
			};
			name = Debug;
		};
		2BD804C71B8DA9FB00345AA1 /* Release */ = {
			isa = XCBuildConfiguration;
			buildSettings = {
				ALWAYS_SEARCH_USER_PATHS = NO;
				CLANG_CXX_LANGUAGE_STANDARD = "gnu++0x";
				CLANG_CXX_LIBRARY = "libc++";
				CLANG_ENABLE_MODULES = YES;
				CLANG_ENABLE_OBJC_ARC = YES;
				CLANG_WARN_BOOL_CONVERSION = YES;
				CLANG_WARN_CONSTANT_CONVERSION = YES;
				CLANG_WARN_DIRECT_OBJC_ISA_USAGE = YES_ERROR;
				CLANG_WARN_EMPTY_BODY = YES;
				CLANG_WARN_ENUM_CONVERSION = YES;
				CLANG_WARN_INT_CONVERSION = YES;
				CLANG_WARN_OBJC_ROOT_CLASS = YES_ERROR;
				CLANG_WARN_UNREACHABLE_CODE = YES;
				CLANG_WARN__DUPLICATE_METHOD_MATCH = YES;
				COPY_PHASE_STRIP = NO;
				DEBUG_INFORMATION_FORMAT = "dwarf-with-dsym";
				ENABLE_NS_ASSERTIONS = NO;
				ENABLE_STRICT_OBJC_MSGSEND = YES;
				GCC_C_LANGUAGE_STANDARD = gnu99;
				GCC_NO_COMMON_BLOCKS = YES;
				GCC_WARN_64_TO_32_BIT_CONVERSION = YES;
				GCC_WARN_ABOUT_RETURN_TYPE = YES_ERROR;
				GCC_WARN_UNDECLARED_SELECTOR = YES;
				GCC_WARN_UNINITIALIZED_AUTOS = YES_AGGRESSIVE;
				GCC_WARN_UNUSED_FUNCTION = YES;
				GCC_WARN_UNUSED_VARIABLE = YES;
				MACOSX_DEPLOYMENT_TARGET = 10.10;
				MTL_ENABLE_DEBUG_INFO = NO;
				SDKROOT = macosx;
			};
			name = Release;
		};
		2BD804C91B8DA9FB00345AA1 /* Debug */ = {
			isa = XCBuildConfiguration;
			buildSettings = {
				PRODUCT_NAME = "$(TARGET_NAME)";
			};
			name = Debug;
		};
		2BD804CA1B8DA9FB00345AA1 /* Release */ = {
			isa = XCBuildConfiguration;
			buildSettings = {
				PRODUCT_NAME = "$(TARGET_NAME)";
			};
			name = Release;
		};
/* End XCBuildConfiguration section */

/* Begin XCConfigurationList section */
		2BD804BC1B8DA9FB00345AA1 /* Build configuration list for PBXProject "testOrder" */ = {
			isa = XCConfigurationList;
			buildConfigurations = (
				2BD804C61B8DA9FB00345AA1 /* Debug */,
				2BD804C71B8DA9FB00345AA1 /* Release */,
			);
			defaultConfigurationIsVisible = 0;
			defaultConfigurationName = Release;
		};
		2BD804C81B8DA9FB00345AA1 /* Build configuration list for PBXNativeTarget "testOrder" */ = {
			isa = XCConfigurationList;
			buildConfigurations = (
				2BD804C91B8DA9FB00345AA1 /* Debug */,
				2BD804CA1B8DA9FB00345AA1 /* Release */,
			);
			defaultConfigurationIsVisible = 0;
			defaultConfigurationName = Release;
		};
/* End XCConfigurationList section */
	};
	rootObject = 2BD804B91B8DA9FB00345AA1 /* Project object */;
}
